
Microsoft Visual Studio Solution File, Format Version 12.00
# Visual Studio 15
VisualStudioVersion = 15.0.27703.2018
MinimumVisualStudioVersion = 10.0.40219.1
Project("{FAE04EC0-301F-11D3-BF4B-00C04F79EFBC}") = "AzureForDownload", "AzureForDownload\AzureForDownload.csproj", "{3DB658C5-23EB-4F48-BF48-74E67397D4B5}"
EndProject
Global
	GlobalSection(SolutionConfigurationPlatforms) = preSolution
		Debug|Any CPU = Debug|Any CPU
		Release|Any CPU = Release|Any CPU
	EndGlobalSection
	GlobalSection(ProjectConfigurationPlatforms) = postSolution
		{3DB658C5-23EB-4F48-BF48-74E67397D4B5}.Debug|Any CPU.ActiveCfg = Debug|Any CPU
		{3DB658C5-23EB-4F48-BF48-74E67397D4B5}.Debug|Any CPU.Build.0 = Debug|Any CPU
		{3DB658C5-23EB-4F48-BF48-74E67397D4B5}.Release|Any CPU.ActiveCfg = Release|Any CPU
		{3DB658C5-23EB-4F48-BF48-74E67397D4B5}.Release|Any CPU.Build.0 = Release|Any CPU
	EndGlobalSection
	GlobalSection(SolutionProperties) = preSolution
		HideSolutionNode = FALSE
	EndGlobalSection
	GlobalSection(ExtensibilityGlobals) = postSolution
		SolutionGuid = {A4A54710-F1DB-4F16-859C-2899D739607A}
	EndGlobalSection
EndGlobal
